
Microsoft Visual Studio Solution File, Format Version 12.00
Project("{FAE04EC0-301F-11D3-BF4B-00C04F79EFBC}") = "task1", "task1\task1.csproj", "{FB76D508-88E0-4488-8BF6-AB18C9FCF5C9}"
EndProject
Project("{FAE04EC0-301F-11D3-BF4B-00C04F79EFBC}") = "task2", "task2\task2.csproj", "{515CDB13-2B9F-4EBD-878F-68C5F34BDAD0}"
EndProject
Project("{FAE04EC0-301F-11D3-BF4B-00C04F79EFBC}") = "task3", "task3\task3.csproj", "{B27B1C64-9A5D-41D6-8810-9733CFF2E8DF}"
EndProject
Project("{FAE04EC0-301F-11D3-BF4B-00C04F79EFBC}") = "task4", "task4\task4.csproj", "{FB34A8A2-CB80-480F-8118-DB79C5CEF058}"
EndProject
Project("{FAE04EC0-301F-11D3-BF4B-00C04F79EFBC}") = "task5", "task5\task5.csproj", "{560467E8-A43F-4D2A-AD21-278B3944446F}"
EndProject
Project("{FAE04EC0-301F-11D3-BF4B-00C04F79EFBC}") = "task6", "task6\task6.csproj", "{0CFD171D-6A64-4555-8CC5-434D182935B5}"
EndProject
Global
	GlobalSection(SolutionConfigurationPlatforms) = preSolution
		Debug|Any CPU = Debug|Any CPU
		Release|Any CPU = Release|Any CPU
	EndGlobalSection
	GlobalSection(ProjectConfigurationPlatforms) = postSolution
		{FB76D508-88E0-4488-8BF6-AB18C9FCF5C9}.Debug|Any CPU.ActiveCfg = Debug|Any CPU
		{FB76D508-88E0-4488-8BF6-AB18C9FCF5C9}.Debug|Any CPU.Build.0 = Debug|Any CPU
		{FB76D508-88E0-4488-8BF6-AB18C9FCF5C9}.Release|Any CPU.ActiveCfg = Release|Any CPU
		{FB76D508-88E0-4488-8BF6-AB18C9FCF5C9}.Release|Any CPU.Build.0 = Release|Any CPU
		{515CDB13-2B9F-4EBD-878F-68C5F34BDAD0}.Debug|Any CPU.ActiveCfg = Debug|Any CPU
		{515CDB13-2B9F-4EBD-878F-68C5F34BDAD0}.Debug|Any CPU.Build.0 = Debug|Any CPU
		{515CDB13-2B9F-4EBD-878F-68C5F34BDAD0}.Release|Any CPU.ActiveCfg = Release|Any CPU
		{515CDB13-2B9F-4EBD-878F-68C5F34BDAD0}.Release|Any CPU.Build.0 = Release|Any CPU
		{B27B1C64-9A5D-41D6-8810-9733CFF2E8DF}.Debug|Any CPU.ActiveCfg = Debug|Any CPU
		{B27B1C64-9A5D-41D6-8810-9733CFF2E8DF}.Debug|Any CPU.Build.0 = Debug|Any CPU
		{B27B1C64-9A5D-41D6-8810-9733CFF2E8DF}.Release|Any CPU.ActiveCfg = Release|Any CPU
		{B27B1C64-9A5D-41D6-8810-9733CFF2E8DF}.Release|Any CPU.Build.0 = Release|Any CPU
		{FB34A8A2-CB80-480F-8118-DB79C5CEF058}.Debug|Any CPU.ActiveCfg = Debug|Any CPU
		{FB34A8A2-CB80-480F-8118-DB79C5CEF058}.Debug|Any CPU.Build.0 = Debug|Any CPU
		{FB34A8A2-CB80-480F-8118-DB79C5CEF058}.Release|Any CPU.ActiveCfg = Release|Any CPU
		{FB34A8A2-CB80-480F-8118-DB79C5CEF058}.Release|Any CPU.Build.0 = Release|Any CPU
		{560467E8-A43F-4D2A-AD21-278B3944446F}.Debug|Any CPU.ActiveCfg = Debug|Any CPU
		{560467E8-A43F-4D2A-AD21-278B3944446F}.Debug|Any CPU.Build.0 = Debug|Any CPU
		{560467E8-A43F-4D2A-AD21-278B3944446F}.Release|Any CPU.ActiveCfg = Release|Any CPU
		{560467E8-A43F-4D2A-AD21-278B3944446F}.Release|Any CPU.Build.0 = Release|Any CPU
		{0CFD171D-6A64-4555-8CC5-434D182935B5}.Debug|Any CPU.ActiveCfg = Debug|Any CPU
		{0CFD171D-6A64-4555-8CC5-434D182935B5}.Debug|Any CPU.Build.0 = Debug|Any CPU
		{0CFD171D-6A64-4555-8CC5-434D182935B5}.Release|Any CPU.ActiveCfg = Release|Any CPU
		{0CFD171D-6A64-4555-8CC5-434D182935B5}.Release|Any CPU.Build.0 = Release|Any CPU
	EndGlobalSection
EndGlobal
